// !$*UTF8*$!
{
	archiveVersion = 1;
	classes = {
	};
	objectVersion = 56;
	objects = {

/* Begin PBXBuildFile section */
		084E39A02A55A86C005167B8 /* ScheduleSaariTests.swift in Sources */ = {isa = PBXBuildFile; fileRef = 084E399F2A55A86C005167B8 /* ScheduleSaariTests.swift */; };
		084E39A72A55A8BE005167B8 /* XCTest.framework in Frameworks */ = {isa = PBXBuildFile; fileRef = 084E39A62A55A8BE005167B8 /* XCTest.framework */; platformFilter = ios; };
		085626232A357A2A00090E35 /* ScheduleSaariApp.swift in Sources */ = {isa = PBXBuildFile; fileRef = 085626222A357A2A00090E35 /* ScheduleSaariApp.swift */; };
		085626252A357A2A00090E35 /* ContentView.swift in Sources */ = {isa = PBXBuildFile; fileRef = 085626242A357A2A00090E35 /* ContentView.swift */; };
		085626272A357A2B00090E35 /* Assets.xcassets in Resources */ = {isa = PBXBuildFile; fileRef = 085626262A357A2B00090E35 /* Assets.xcassets */; };
		0856262B2A357A2B00090E35 /* Preview Assets.xcassets in Resources */ = {isa = PBXBuildFile; fileRef = 0856262A2A357A2B00090E35 /* Preview Assets.xcassets */; };
		086AD0E82A55A2C8003F3359 /* UIKit.framework in Frameworks */ = {isa = PBXBuildFile; fileRef = 085626322A35AF9F00090E35 /* UIKit.framework */; };
		08ECD8992A3B282100E7B1B6 /* ScheduledItem.xcdatamodeld in Sources */ = {isa = PBXBuildFile; fileRef = 08ECD8972A3B282100E7B1B6 /* ScheduledItem.xcdatamodeld */; };
		08ECD8BD2A3F63D900E7B1B6 /* ValidationHelper.swift in Sources */ = {isa = PBXBuildFile; fileRef = 08ECD8BC2A3F63D900E7B1B6 /* ValidationHelper.swift */; };
/* End PBXBuildFile section */

/* Begin PBXContainerItemProxy section */
		084E39A12A55A86C005167B8 /* PBXContainerItemProxy */ = {
			isa = PBXContainerItemProxy;
			containerPortal = 085626172A357A2A00090E35 /* Project object */;
			proxyType = 1;
			remoteGlobalIDString = 0856261E2A357A2A00090E35;
			remoteInfo = ScheduleSaari;
		};
/* End PBXContainerItemProxy section */

/* Begin PBXFileReference section */
		084E399D2A55A86B005167B8 /* ScheduleSaariTests.xctest */ = {isa = PBXFileReference; explicitFileType = wrapper.cfbundle; includeInIndex = 0; path = ScheduleSaariTests.xctest; sourceTree = BUILT_PRODUCTS_DIR; };
		084E399F2A55A86C005167B8 /* ScheduleSaariTests.swift */ = {isa = PBXFileReference; lastKnownFileType = sourcecode.swift; path = ScheduleSaariTests.swift; sourceTree = "<group>"; };
		084E39A62A55A8BE005167B8 /* XCTest.framework */ = {isa = PBXFileReference; lastKnownFileType = wrapper.framework; name = XCTest.framework; path = Platforms/iPhoneOS.platform/Developer/Library/Frameworks/XCTest.framework; sourceTree = DEVELOPER_DIR; };
		0856261F2A357A2A00090E35 /* ScheduleSaari.app */ = {isa = PBXFileReference; explicitFileType = wrapper.application; includeInIndex = 0; path = ScheduleSaari.app; sourceTree = BUILT_PRODUCTS_DIR; };
		085626222A357A2A00090E35 /* ScheduleSaariApp.swift */ = {isa = PBXFileReference; lastKnownFileType = sourcecode.swift; path = ScheduleSaariApp.swift; sourceTree = "<group>"; };
		085626242A357A2A00090E35 /* ContentView.swift */ = {isa = PBXFileReference; lastKnownFileType = sourcecode.swift; path = ContentView.swift; sourceTree = "<group>"; };
		085626262A357A2B00090E35 /* Assets.xcassets */ = {isa = PBXFileReference; lastKnownFileType = folder.assetcatalog; path = Assets.xcassets; sourceTree = "<group>"; };
		085626282A357A2B00090E35 /* ScheduleSaari.entitlements */ = {isa = PBXFileReference; lastKnownFileType = text.plist.entitlements; path = ScheduleSaari.entitlements; sourceTree = "<group>"; };
		0856262A2A357A2B00090E35 /* Preview Assets.xcassets */ = {isa = PBXFileReference; lastKnownFileType = folder.assetcatalog; path = "Preview Assets.xcassets"; sourceTree = "<group>"; };
		085626322A35AF9F00090E35 /* UIKit.framework */ = {isa = PBXFileReference; lastKnownFileType = wrapper.framework; name = UIKit.framework; path = Platforms/iPhoneOS.platform/Developer/SDKs/iPhoneOS16.4.sdk/System/Library/Frameworks/UIKit.framework; sourceTree = DEVELOPER_DIR; };
		08ECD8982A3B282100E7B1B6 /* Schedule.xcdatamodel */ = {isa = PBXFileReference; lastKnownFileType = wrapper.xcdatamodel; path = Schedule.xcdatamodel; sourceTree = "<group>"; };
		08ECD8BC2A3F63D900E7B1B6 /* ValidationHelper.swift */ = {isa = PBXFileReference; lastKnownFileType = sourcecode.swift; path = ValidationHelper.swift; sourceTree = "<group>"; };
		08ECD8BE2A51BED000E7B1B6 /* 仕様書.md */ = {isa = PBXFileReference; lastKnownFileType = net.daringfireball.markdown; path = "仕様書.md"; sourceTree = "<group>"; };
		08ECD8C22A55939600E7B1B6 /* XCTest.framework */ = {isa = PBXFileReference; lastKnownFileType = wrapper.framework; name = XCTest.framework; path = Platforms/MacOSX.platform/Developer/Library/Frameworks/XCTest.framework; sourceTree = DEVELOPER_DIR; };
/* End PBXFileReference section */

/* Begin PBXFrameworksBuildPhase section */
		084E399A2A55A86B005167B8 /* Frameworks */ = {
			isa = PBXFrameworksBuildPhase;
			buildActionMask = 2147483647;
			files = (
				084E39A72A55A8BE005167B8 /* XCTest.framework in Frameworks */,
			);
			runOnlyForDeploymentPostprocessing = 0;
		};
		0856261C2A357A2A00090E35 /* Frameworks */ = {
			isa = PBXFrameworksBuildPhase;
			buildActionMask = 2147483647;
			files = (
				086AD0E82A55A2C8003F3359 /* UIKit.framework in Frameworks */,
			);
			runOnlyForDeploymentPostprocessing = 0;
		};
/* End PBXFrameworksBuildPhase section */

/* Begin PBXGroup section */
		084E399E2A55A86C005167B8 /* ScheduleSaariTests */ = {
			isa = PBXGroup;
			children = (
				084E399F2A55A86C005167B8 /* ScheduleSaariTests.swift */,
			);
			path = ScheduleSaariTests;
			sourceTree = "<group>";
		};
		085626162A357A2A00090E35 = {
			isa = PBXGroup;
			children = (
				08ECD8972A3B282100E7B1B6 /* ScheduledItem.xcdatamodeld */,
				08ECD8BE2A51BED000E7B1B6 /* 仕様書.md */,
				085626212A357A2A00090E35 /* ScheduleSaari */,
				084E399E2A55A86C005167B8 /* ScheduleSaariTests */,
				085626202A357A2A00090E35 /* Products */,
				085626312A35AF9E00090E35 /* Frameworks */,
			);
			sourceTree = "<group>";
		};
		085626202A357A2A00090E35 /* Products */ = {
			isa = PBXGroup;
			children = (
				0856261F2A357A2A00090E35 /* ScheduleSaari.app */,
				084E399D2A55A86B005167B8 /* ScheduleSaariTests.xctest */,
			);
			name = Products;
			sourceTree = "<group>";
		};
		085626212A357A2A00090E35 /* ScheduleSaari */ = {
			isa = PBXGroup;
			children = (
				085626222A357A2A00090E35 /* ScheduleSaariApp.swift */,
				085626242A357A2A00090E35 /* ContentView.swift */,
				085626262A357A2B00090E35 /* Assets.xcassets */,
				085626282A357A2B00090E35 /* ScheduleSaari.entitlements */,
				085626292A357A2B00090E35 /* Preview Content */,
				08ECD8BC2A3F63D900E7B1B6 /* ValidationHelper.swift */,
			);
			path = ScheduleSaari;
			sourceTree = "<group>";
		};
		085626292A357A2B00090E35 /* Preview Content */ = {
			isa = PBXGroup;
			children = (
				0856262A2A357A2B00090E35 /* Preview Assets.xcassets */,
			);
			path = "Preview Content";
			sourceTree = "<group>";
		};
		085626312A35AF9E00090E35 /* Frameworks */ = {
			isa = PBXGroup;
			children = (
				08ECD8C22A55939600E7B1B6 /* XCTest.framework */,
				084E39A62A55A8BE005167B8 /* XCTest.framework */,
				085626322A35AF9F00090E35 /* UIKit.framework */,
			);
			name = Frameworks;
			sourceTree = "<group>";
		};
/* End PBXGroup section */

/* Begin PBXNativeTarget section */
		084E399C2A55A86B005167B8 /* ScheduleSaariTests */ = {
			isa = PBXNativeTarget;
			buildConfigurationList = 084E39A32A55A86C005167B8 /* Build configuration list for PBXNativeTarget "ScheduleSaariTests" */;
			buildPhases = (
				084E39992A55A86B005167B8 /* Sources */,
				084E399A2A55A86B005167B8 /* Frameworks */,
				084E399B2A55A86B005167B8 /* Resources */,
			);
			buildRules = (
			);
			dependencies = (
				084E39A22A55A86C005167B8 /* PBXTargetDependency */,
			);
			name = ScheduleSaariTests;
			productName = ScheduleSaariTests;
			productReference = 084E399D2A55A86B005167B8 /* ScheduleSaariTests.xctest */;
			productType = "com.apple.product-type.bundle.unit-test";
		};
		0856261E2A357A2A00090E35 /* ScheduleSaari */ = {
			isa = PBXNativeTarget;
			buildConfigurationList = 0856262E2A357A2B00090E35 /* Build configuration list for PBXNativeTarget "ScheduleSaari" */;
			buildPhases = (
				0856261B2A357A2A00090E35 /* Sources */,
				0856261C2A357A2A00090E35 /* Frameworks */,
				0856261D2A357A2A00090E35 /* Resources */,
			);
			buildRules = (
			);
			dependencies = (
			);
			name = ScheduleSaari;
			productName = ScheduleSaari;
			productReference = 0856261F2A357A2A00090E35 /* ScheduleSaari.app */;
			productType = "com.apple.product-type.application";
		};
/* End PBXNativeTarget section */

/* Begin PBXProject section */
		085626172A357A2A00090E35 /* Project object */ = {
			isa = PBXProject;
			attributes = {
				BuildIndependentTargetsInParallel = 1;
				LastSwiftUpdateCheck = 1430;
				LastUpgradeCheck = 1430;
				TargetAttributes = {
					084E399C2A55A86B005167B8 = {
						CreatedOnToolsVersion = 14.3.1;
						TestTargetID = 0856261E2A357A2A00090E35;
					};
					0856261E2A357A2A00090E35 = {
						CreatedOnToolsVersion = 14.3.1;
					};
				};
			};
			buildConfigurationList = 0856261A2A357A2A00090E35 /* Build configuration list for PBXProject "ScheduleSaari" */;
			compatibilityVersion = "Xcode 14.0";
			developmentRegion = ja;
			hasScannedForEncodings = 0;
			knownRegions = (
				en,
				Base,
				ja,
			);
			mainGroup = 085626162A357A2A00090E35;
			productRefGroup = 085626202A357A2A00090E35 /* Products */;
			projectDirPath = "";
			projectRoot = "";
			targets = (
				0856261E2A357A2A00090E35 /* ScheduleSaari */,
				084E399C2A55A86B005167B8 /* ScheduleSaariTests */,
			);
		};
/* End PBXProject section */

/* Begin PBXResourcesBuildPhase section */
		084E399B2A55A86B005167B8 /* Resources */ = {
			isa = PBXResourcesBuildPhase;
			buildActionMask = 2147483647;
			files = (
			);
			runOnlyForDeploymentPostprocessing = 0;
		};
		0856261D2A357A2A00090E35 /* Resources */ = {
			isa = PBXResourcesBuildPhase;
			buildActionMask = 2147483647;
			files = (
				0856262B2A357A2B00090E35 /* Preview Assets.xcassets in Resources */,
				085626272A357A2B00090E35 /* Assets.xcassets in Resources */,
			);
			runOnlyForDeploymentPostprocessing = 0;
		};
/* End PBXResourcesBuildPhase section */

/* Begin PBXSourcesBuildPhase section */
		084E39992A55A86B005167B8 /* Sources */ = {
			isa = PBXSourcesBuildPhase;
			buildActionMask = 2147483647;
			files = (
				084E39A02A55A86C005167B8 /* ScheduleSaariTests.swift in Sources */,
			);
			runOnlyForDeploymentPostprocessing = 0;
		};
		0856261B2A357A2A00090E35 /* Sources */ = {
			isa = PBXSourcesBuildPhase;
			buildActionMask = 2147483647;
			files = (
				08ECD8BD2A3F63D900E7B1B6 /* ValidationHelper.swift in Sources */,
				085626252A357A2A00090E35 /* ContentView.swift in Sources */,
				08ECD8992A3B282100E7B1B6 /* ScheduledItem.xcdatamodeld in Sources */,
				085626232A357A2A00090E35 /* ScheduleSaariApp.swift in Sources */,
			);
			runOnlyForDeploymentPostprocessing = 0;
		};
/* End PBXSourcesBuildPhase section */

/* Begin PBXTargetDependency section */
		084E39A22A55A86C005167B8 /* PBXTargetDependency */ = {
			isa = PBXTargetDependency;
			target = 0856261E2A357A2A00090E35 /* ScheduleSaari */;
			targetProxy = 084E39A12A55A86C005167B8 /* PBXContainerItemProxy */;
		};
/* End PBXTargetDependency section */

/* Begin XCBuildConfiguration section */
		084E39A42A55A86C005167B8 /* Debug */ = {
			isa = XCBuildConfiguration;
			buildSettings = {
				BUNDLE_LOADER = "$(TEST_HOST)";
				CODE_SIGN_STYLE = Automatic;
				CURRENT_PROJECT_VERSION = 1;
				GENERATE_INFOPLIST_FILE = YES;
				MARKETING_VERSION = 1.0;
				PRODUCT_BUNDLE_IDENTIFIER = mitocon.ScheduleSaariTests;
				PRODUCT_NAME = "$(TARGET_NAME)";
				SDKROOT = iphoneos;
				SWIFT_EMIT_LOC_STRINGS = NO;
				SWIFT_VERSION = 5.0;
				TARGETED_DEVICE_FAMILY = "1,2";
				TEST_HOST = "$(BUILT_PRODUCTS_DIR)/ScheduleSaari.app/$(BUNDLE_EXECUTABLE_FOLDER_PATH)/ScheduleSaari";
			};
			name = Debug;
		};
		084E39A52A55A86C005167B8 /* Release */ = {
			isa = XCBuildConfiguration;
			buildSettings = {
				BUNDLE_LOADER = "$(TEST_HOST)";
				CODE_SIGN_STYLE = Automatic;
				CURRENT_PROJECT_VERSION = 1;
				GENERATE_INFOPLIST_FILE = YES;
				MARKETING_VERSION = 1.0;
				PRODUCT_BUNDLE_IDENTIFIER = mitocon.ScheduleSaariTests;
				PRODUCT_NAME = "$(TARGET_NAME)";
				SDKROOT = iphoneos;
				SWIFT_EMIT_LOC_STRINGS = NO;
				SWIFT_VERSION = 5.0;
				TARGETED_DEVICE_FAMILY = "1,2";
				TEST_HOST = "$(BUILT_PRODUCTS_DIR)/ScheduleSaari.app/$(BUNDLE_EXECUTABLE_FOLDER_PATH)/ScheduleSaari";
				VALIDATE_PRODUCT = YES;
			};
			name = Release;
		};
		0856262C2A357A2B00090E35 /* Debug */ = {
			isa = XCBuildConfiguration;
			buildSettings = {
				ALWAYS_SEARCH_USER_PATHS = NO;
				CLANG_ANALYZER_NONNULL = YES;
				CLANG_ANALYZER_NUMBER_OBJECT_CONVERSION = YES_AGGRESSIVE;
				CLANG_CXX_LANGUAGE_STANDARD = "gnu++20";
				CLANG_ENABLE_MODULES = YES;
				CLANG_ENABLE_OBJC_ARC = YES;
				CLANG_ENABLE_OBJC_WEAK = YES;
				CLANG_WARN_BLOCK_CAPTURE_AUTORELEASING = YES;
				CLANG_WARN_BOOL_CONVERSION = YES;
				CLANG_WARN_COMMA = YES;
				CLANG_WARN_CONSTANT_CONVERSION = YES;
				CLANG_WARN_DEPRECATED_OBJC_IMPLEMENTATIONS = YES;
				CLANG_WARN_DIRECT_OBJC_ISA_USAGE = YES_ERROR;
				CLANG_WARN_DOCUMENTATION_COMMENTS = YES;
				CLANG_WARN_EMPTY_BODY = YES;
				CLANG_WARN_ENUM_CONVERSION = YES;
				CLANG_WARN_INFINITE_RECURSION = YES;
				CLANG_WARN_INT_CONVERSION = YES;
				CLANG_WARN_NON_LITERAL_NULL_CONVERSION = YES;
				CLANG_WARN_OBJC_IMPLICIT_RETAIN_SELF = YES;
				CLANG_WARN_OBJC_LITERAL_CONVERSION = YES;
				CLANG_WARN_OBJC_ROOT_CLASS = YES_ERROR;
				CLANG_WARN_QUOTED_INCLUDE_IN_FRAMEWORK_HEADER = YES;
				CLANG_WARN_RANGE_LOOP_ANALYSIS = YES;
				CLANG_WARN_STRICT_PROTOTYPES = YES;
				CLANG_WARN_SUSPICIOUS_MOVE = YES;
				CLANG_WARN_UNGUARDED_AVAILABILITY = YES_AGGRESSIVE;
				CLANG_WARN_UNREACHABLE_CODE = YES;
				CLANG_WARN__DUPLICATE_METHOD_MATCH = YES;
				COPY_PHASE_STRIP = NO;
				DEBUG_INFORMATION_FORMAT = dwarf;
				ENABLE_STRICT_OBJC_MSGSEND = YES;
				ENABLE_TESTABILITY = YES;
				GCC_C_LANGUAGE_STANDARD = gnu11;
				GCC_DYNAMIC_NO_PIC = NO;
				GCC_NO_COMMON_BLOCKS = YES;
				GCC_OPTIMIZATION_LEVEL = 0;
				GCC_PREPROCESSOR_DEFINITIONS = (
					"DEBUG=1",
					"$(inherited)",
				);
				GCC_WARN_64_TO_32_BIT_CONVERSION = YES;
				GCC_WARN_ABOUT_RETURN_TYPE = YES_ERROR;
				GCC_WARN_UNDECLARED_SELECTOR = YES;
				GCC_WARN_UNINITIALIZED_AUTOS = YES_AGGRESSIVE;
				GCC_WARN_UNUSED_FUNCTION = YES;
				GCC_WARN_UNUSED_VARIABLE = YES;
				IPHONEOS_DEPLOYMENT_TARGET = 16.4;
				MTL_ENABLE_DEBUG_INFO = INCLUDE_SOURCE;
				MTL_FAST_MATH = YES;
				ONLY_ACTIVE_ARCH = YES;
				SWIFT_ACTIVE_COMPILATION_CONDITIONS = DEBUG;
				SWIFT_OPTIMIZATION_LEVEL = "-Onone";
			};
			name = Debug;
		};
		0856262D2A357A2B00090E35 /* Release */ = {
			isa = XCBuildConfiguration;
			buildSettings = {
				ALWAYS_SEARCH_USER_PATHS = NO;
				CLANG_ANALYZER_NONNULL = YES;
				CLANG_ANALYZER_NUMBER_OBJECT_CONVERSION = YES_AGGRESSIVE;
				CLANG_CXX_LANGUAGE_STANDARD = "gnu++20";
				CLANG_ENABLE_MODULES = YES;
				CLANG_ENABLE_OBJC_ARC = YES;
				CLANG_ENABLE_OBJC_WEAK = YES;
				CLANG_WARN_BLOCK_CAPTURE_AUTORELEASING = YES;
				CLANG_WARN_BOOL_CONVERSION = YES;
				CLANG_WARN_COMMA = YES;
				CLANG_WARN_CONSTANT_CONVERSION = YES;
				CLANG_WARN_DEPRECATED_OBJC_IMPLEMENTATIONS = YES;
				CLANG_WARN_DIRECT_OBJC_ISA_USAGE = YES_ERROR;
				CLANG_WARN_DOCUMENTATION_COMMENTS = YES;
				CLANG_WARN_EMPTY_BODY = YES;
				CLANG_WARN_ENUM_CONVERSION = YES;
				CLANG_WARN_INFINITE_RECURSION = YES;
				CLANG_WARN_INT_CONVERSION = YES;
				CLANG_WARN_NON_LITERAL_NULL_CONVERSION = YES;
				CLANG_WARN_OBJC_IMPLICIT_RETAIN_SELF = YES;
				CLANG_WARN_OBJC_LITERAL_CONVERSION = YES;
				CLANG_WARN_OBJC_ROOT_CLASS = YES_ERROR;
				CLANG_WARN_QUOTED_INCLUDE_IN_FRAMEWORK_HEADER = YES;
				CLANG_WARN_RANGE_LOOP_ANALYSIS = YES;
				CLANG_WARN_STRICT_PROTOTYPES = YES;
				CLANG_WARN_SUSPICIOUS_MOVE = YES;
				CLANG_WARN_UNGUARDED_AVAILABILITY = YES_AGGRESSIVE;
				CLANG_WARN_UNREACHABLE_CODE = YES;
				CLANG_WARN__DUPLICATE_METHOD_MATCH = YES;
				COPY_PHASE_STRIP = NO;
				DEBUG_INFORMATION_FORMAT = "dwarf-with-dsym";
				ENABLE_NS_ASSERTIONS = NO;
				ENABLE_STRICT_OBJC_MSGSEND = YES;
				GCC_C_LANGUAGE_STANDARD = gnu11;
				GCC_NO_COMMON_BLOCKS = YES;
				GCC_WARN_64_TO_32_BIT_CONVERSION = YES;
				GCC_WARN_ABOUT_RETURN_TYPE = YES_ERROR;
				GCC_WARN_UNDECLARED_SELECTOR = YES;
				GCC_WARN_UNINITIALIZED_AUTOS = YES_AGGRESSIVE;
				GCC_WARN_UNUSED_FUNCTION = YES;
				GCC_WARN_UNUSED_VARIABLE = YES;
				IPHONEOS_DEPLOYMENT_TARGET = 16.4;
				MTL_ENABLE_DEBUG_INFO = NO;
				MTL_FAST_MATH = YES;
				SWIFT_COMPILATION_MODE = wholemodule;
				SWIFT_OPTIMIZATION_LEVEL = "-O";
			};
			name = Release;
		};
		0856262F2A357A2B00090E35 /* Debug */ = {
			isa = XCBuildConfiguration;
			buildSettings = {
				ASSETCATALOG_COMPILER_APPICON_NAME = AppIcon;
				ASSETCATALOG_COMPILER_GLOBAL_ACCENT_COLOR_NAME = AccentColor;
				CODE_SIGN_ENTITLEMENTS = ScheduleSaari/ScheduleSaari.entitlements;
				CODE_SIGN_STYLE = Automatic;
				CURRENT_PROJECT_VERSION = 1;
				DEVELOPMENT_ASSET_PATHS = "\"ScheduleSaari/Preview Content\"";
				DEVELOPMENT_TEAM = F47Q23NV8T;
				ENABLE_PREVIEWS = YES;
				GENERATE_INFOPLIST_FILE = YES;
				"INFOPLIST_KEY_UIApplicationSceneManifest_Generation[sdk=iphoneos*]" = YES;
				"INFOPLIST_KEY_UIApplicationSceneManifest_Generation[sdk=iphonesimulator*]" = YES;
				"INFOPLIST_KEY_UIApplicationSupportsIndirectInputEvents[sdk=iphoneos*]" = YES;
				"INFOPLIST_KEY_UIApplicationSupportsIndirectInputEvents[sdk=iphonesimulator*]" = YES;
				"INFOPLIST_KEY_UILaunchScreen_Generation[sdk=iphoneos*]" = YES;
				"INFOPLIST_KEY_UILaunchScreen_Generation[sdk=iphonesimulator*]" = YES;
				"INFOPLIST_KEY_UIStatusBarStyle[sdk=iphoneos*]" = UIStatusBarStyleDefault;
				"INFOPLIST_KEY_UIStatusBarStyle[sdk=iphonesimulator*]" = UIStatusBarStyleDefault;
				INFOPLIST_KEY_UISupportedInterfaceOrientations_iPad = "UIInterfaceOrientationPortrait UIInterfaceOrientationPortraitUpsideDown UIInterfaceOrientationLandscapeLeft UIInterfaceOrientationLandscapeRight";
				INFOPLIST_KEY_UISupportedInterfaceOrientations_iPhone = "UIInterfaceOrientationPortrait UIInterfaceOrientationLandscapeLeft UIInterfaceOrientationLandscapeRight";
				IPHONEOS_DEPLOYMENT_TARGET = 16.4;
				LD_RUNPATH_SEARCH_PATHS = "@executable_path/Frameworks";
				"LD_RUNPATH_SEARCH_PATHS[sdk=macosx*]" = "@executable_path/../Frameworks";
				MACOSX_DEPLOYMENT_TARGET = 13.2;
				MARKETING_VERSION = 1.0;
				PRODUCT_BUNDLE_IDENTIFIER = mitocon.ScheduleSaari;
				PRODUCT_NAME = "$(TARGET_NAME)";
				SDKROOT = auto;
				SUPPORTED_PLATFORMS = "iphoneos iphonesimulator macosx";
				SWIFT_EMIT_LOC_STRINGS = YES;
				SWIFT_VERSION = 5.0;
				TARGETED_DEVICE_FAMILY = "1,2";
			};
			name = Debug;
		};
		085626302A357A2B00090E35 /* Release */ = {
			isa = XCBuildConfiguration;
			buildSettings = {
				ASSETCATALOG_COMPILER_APPICON_NAME = AppIcon;
				ASSETCATALOG_COMPILER_GLOBAL_ACCENT_COLOR_NAME = AccentColor;
				CODE_SIGN_ENTITLEMENTS = ScheduleSaari/ScheduleSaari.entitlements;
				CODE_SIGN_STYLE = Automatic;
				CURRENT_PROJECT_VERSION = 1;
				DEVELOPMENT_ASSET_PATHS = "\"ScheduleSaari/Preview Content\"";
				DEVELOPMENT_TEAM = F47Q23NV8T;
				ENABLE_PREVIEWS = YES;
				GENERATE_INFOPLIST_FILE = YES;
				"INFOPLIST_KEY_UIApplicationSceneManifest_Generation[sdk=iphoneos*]" = YES;
				"INFOPLIST_KEY_UIApplicationSceneManifest_Generation[sdk=iphonesimulator*]" = YES;
				"INFOPLIST_KEY_UIApplicationSupportsIndirectInputEvents[sdk=iphoneos*]" = YES;
				"INFOPLIST_KEY_UIApplicationSupportsIndirectInputEvents[sdk=iphonesimulator*]" = YES;
				"INFOPLIST_KEY_UILaunchScreen_Generation[sdk=iphoneos*]" = YES;
				"INFOPLIST_KEY_UILaunchScreen_Generation[sdk=iphonesimulator*]" = YES;
				"INFOPLIST_KEY_UIStatusBarStyle[sdk=iphoneos*]" = UIStatusBarStyleDefault;
				"INFOPLIST_KEY_UIStatusBarStyle[sdk=iphonesimulator*]" = UIStatusBarStyleDefault;
				INFOPLIST_KEY_UISupportedInterfaceOrientations_iPad = "UIInterfaceOrientationPortrait UIInterfaceOrientationPortraitUpsideDown UIInterfaceOrientationLandscapeLeft UIInterfaceOrientationLandscapeRight";
				INFOPLIST_KEY_UISupportedInterfaceOrientations_iPhone = "UIInterfaceOrientationPortrait UIInterfaceOrientationLandscapeLeft UIInterfaceOrientationLandscapeRight";
				IPHONEOS_DEPLOYMENT_TARGET = 16.4;
				LD_RUNPATH_SEARCH_PATHS = "@executable_path/Frameworks";
				"LD_RUNPATH_SEARCH_PATHS[sdk=macosx*]" = "@executable_path/../Frameworks";
				MACOSX_DEPLOYMENT_TARGET = 13.2;
				MARKETING_VERSION = 1.0;
				PRODUCT_BUNDLE_IDENTIFIER = mitocon.ScheduleSaari;
				PRODUCT_NAME = "$(TARGET_NAME)";
				SDKROOT = auto;
				SUPPORTED_PLATFORMS = "iphoneos iphonesimulator macosx";
				SWIFT_EMIT_LOC_STRINGS = YES;
				SWIFT_VERSION = 5.0;
				TARGETED_DEVICE_FAMILY = "1,2";
			};
			name = Release;
		};
/* End XCBuildConfiguration section */

/* Begin XCConfigurationList section */
		084E39A32A55A86C005167B8 /* Build configuration list for PBXNativeTarget "ScheduleSaariTests" */ = {
			isa = XCConfigurationList;
			buildConfigurations = (
				084E39A42A55A86C005167B8 /* Debug */,
				084E39A52A55A86C005167B8 /* Release */,
			);
			defaultConfigurationIsVisible = 0;
			defaultConfigurationName = Release;
		};
		0856261A2A357A2A00090E35 /* Build configuration list for PBXProject "ScheduleSaari" */ = {
			isa = XCConfigurationList;
			buildConfigurations = (
				0856262C2A357A2B00090E35 /* Debug */,
				0856262D2A357A2B00090E35 /* Release */,
			);
			defaultConfigurationIsVisible = 0;
			defaultConfigurationName = Release;
		};
		0856262E2A357A2B00090E35 /* Build configuration list for PBXNativeTarget "ScheduleSaari" */ = {
			isa = XCConfigurationList;
			buildConfigurations = (
				0856262F2A357A2B00090E35 /* Debug */,
				085626302A357A2B00090E35 /* Release */,
			);
			defaultConfigurationIsVisible = 0;
			defaultConfigurationName = Release;
		};
/* End XCConfigurationList section */

/* Begin XCVersionGroup section */
		08ECD8972A3B282100E7B1B6 /* ScheduledItem.xcdatamodeld */ = {
			isa = XCVersionGroup;
			children = (
				08ECD8982A3B282100E7B1B6 /* Schedule.xcdatamodel */,
			);
			currentVersion = 08ECD8982A3B282100E7B1B6 /* Schedule.xcdatamodel */;
			path = ScheduledItem.xcdatamodeld;
			sourceTree = "<group>";
			versionGroupType = wrapper.xcdatamodel;
		};
/* End XCVersionGroup section */
	};
	rootObject = 085626172A357A2A00090E35 /* Project object */;
}
